// !$*UTF8*$!
{
	archiveVersion = 1;
	classes = {
	};
	objectVersion = 46;
	objects = {

/* Begin PBXBuildFile section */
		020CCF841AAB052F00E95144 /* PostDetailView.xib in Resources */ = {isa = PBXBuildFile; fileRef = 020CCF831AAB052F00E95144 /* PostDetailView.xib */; };
		020CCF861AAB1BFE00E95144 /* MainTabBarViewController.swift in Sources */ = {isa = PBXBuildFile; fileRef = 020CCF851AAB1BFE00E95144 /* MainTabBarViewController.swift */; };
		020CCF881AAB1DAD00E95144 /* AnimationView.xib in Resources */ = {isa = PBXBuildFile; fileRef = 020CCF871AAB1DAD00E95144 /* AnimationView.xib */; };
		020CCF8B1AAB31A400E95144 /* UserChat.m in Sources */ = {isa = PBXBuildFile; fileRef = 020CCF8A1AAB31A400E95144 /* UserChat.m */; };
		020CCF8E1AAB324D00E95144 /* Message.m in Sources */ = {isa = PBXBuildFile; fileRef = 020CCF8D1AAB324D00E95144 /* Message.m */; };
		020CCF901AAB355500E95144 /* PreLoginView.xib in Resources */ = {isa = PBXBuildFile; fileRef = 020CCF8F1AAB355500E95144 /* PreLoginView.xib */; };
		020CCF921AAB369B00E95144 /* BorderUIButton.swift in Sources */ = {isa = PBXBuildFile; fileRef = 020CCF911AAB369B00E95144 /* BorderUIButton.swift */; };
		020CCF941AAB375200E95144 /* PreLoginViewController.swift in Sources */ = {isa = PBXBuildFile; fileRef = 020CCF931AAB375200E95144 /* PreLoginViewController.swift */; };
		020CCF971AAB388500E95144 /* LogInViewController.swift in Sources */ = {isa = PBXBuildFile; fileRef = 020CCF951AAB388500E95144 /* LogInViewController.swift */; };
		020CCF981AAB388500E95144 /* LogInViewController.xib in Resources */ = {isa = PBXBuildFile; fileRef = 020CCF961AAB388500E95144 /* LogInViewController.xib */; };
		020CCF9A1AAB39A200E95144 /* BorderUITextField.swift in Sources */ = {isa = PBXBuildFile; fileRef = 020CCF991AAB39A200E95144 /* BorderUITextField.swift */; };
		022FE0CB1AAB5218001532CD /* KeyboardBar.swift in Sources */ = {isa = PBXBuildFile; fileRef = 022FE0C91AAB5218001532CD /* KeyboardBar.swift */; };
		022FE0CC1AAB5218001532CD /* MessagesTableView.swift in Sources */ = {isa = PBXBuildFile; fileRef = 022FE0CA1AAB5218001532CD /* MessagesTableView.swift */; };
		022FE0CF1AAB5339001532CD /* IncomingMessageTableViewCell.swift in Sources */ = {isa = PBXBuildFile; fileRef = 022FE0CD1AAB5339001532CD /* IncomingMessageTableViewCell.swift */; };
		022FE0D01AAB5339001532CD /* MessageTableViewCell.swift in Sources */ = {isa = PBXBuildFile; fileRef = 022FE0CE1AAB5339001532CD /* MessageTableViewCell.swift */; };
		022FE0D51AAB544A001532CD /* UIImage+ColorMask.swift in Sources */ = {isa = PBXBuildFile; fileRef = 022FE0D41AAB544A001532CD /* UIImage+ColorMask.swift */; };
		029A44CF1AAACDA600D88781 /* DatePickerCell.xib in Resources */ = {isa = PBXBuildFile; fileRef = 029A44CE1AAACDA600D88781 /* DatePickerCell.xib */; };
		029A44D11AAAD7DF00D88781 /* CreatePostLocationSearchTableViewController.swift in Sources */ = {isa = PBXBuildFile; fileRef = 029A44D01AAAD7DF00D88781 /* CreatePostLocationSearchTableViewController.swift */; };
		029A44D41AAAD90F00D88781 /* PostLocation.m in Sources */ = {isa = PBXBuildFile; fileRef = 029A44D31AAAD90F00D88781 /* PostLocation.m */; };
		029A44D61AAAE00D00D88781 /* MapItemCell.xib in Resources */ = {isa = PBXBuildFile; fileRef = 029A44D51AAAE00D00D88781 /* MapItemCell.xib */; };
		029A44D81AAAE6A500D88781 /* UtilitiesCell.xib in Resources */ = {isa = PBXBuildFile; fileRef = 029A44D71AAAE6A500D88781 /* UtilitiesCell.xib */; };
		029DBA521AAA889100F65019 /* AudioToolbox.framework in Frameworks */ = {isa = PBXBuildFile; fileRef = 029DBA471AAA889100F65019 /* AudioToolbox.framework */; };
		029DBA531AAA889100F65019 /* CFNetwork.framework in Frameworks */ = {isa = PBXBuildFile; fileRef = 029DBA481AAA889100F65019 /* CFNetwork.framework */; };
		029DBA541AAA889100F65019 /* CoreGraphics.framework in Frameworks */ = {isa = PBXBuildFile; fileRef = 029DBA491AAA889100F65019 /* CoreGraphics.framework */; };
		029DBA551AAA889100F65019 /* CoreLocation.framework in Frameworks */ = {isa = PBXBuildFile; fileRef = 029DBA4A1AAA889100F65019 /* CoreLocation.framework */; };
		029DBA561AAA889100F65019 /* libsqlite3.dylib in Frameworks */ = {isa = PBXBuildFile; fileRef = 029DBA4B1AAA889100F65019 /* libsqlite3.dylib */; };
		029DBA571AAA889100F65019 /* libz.dylib in Frameworks */ = {isa = PBXBuildFile; fileRef = 029DBA4C1AAA889100F65019 /* libz.dylib */; };
		029DBA581AAA889100F65019 /* MobileCoreServices.framework in Frameworks */ = {isa = PBXBuildFile; fileRef = 029DBA4D1AAA889100F65019 /* MobileCoreServices.framework */; };
		029DBA591AAA889100F65019 /* QuartzCore.framework in Frameworks */ = {isa = PBXBuildFile; fileRef = 029DBA4E1AAA889100F65019 /* QuartzCore.framework */; };
		029DBA5A1AAA889100F65019 /* Security.framework in Frameworks */ = {isa = PBXBuildFile; fileRef = 029DBA4F1AAA889100F65019 /* Security.framework */; };
		029DBA5B1AAA889100F65019 /* StoreKit.framework in Frameworks */ = {isa = PBXBuildFile; fileRef = 029DBA501AAA889100F65019 /* StoreKit.framework */; };
		029DBA5C1AAA889100F65019 /* SystemConfiguration.framework in Frameworks */ = {isa = PBXBuildFile; fileRef = 029DBA511AAA889100F65019 /* SystemConfiguration.framework */; };
		029DBA641AAA935A00F65019 /* Bolts.framework in Frameworks */ = {isa = PBXBuildFile; fileRef = 029DBA5F1AAA935A00F65019 /* Bolts.framework */; };
		029DBA651AAA935A00F65019 /* Parse.framework in Frameworks */ = {isa = PBXBuildFile; fileRef = 029DBA601AAA935A00F65019 /* Parse.framework */; };
		029DBA661AAA935A00F65019 /* ParseCrashReporting.framework in Frameworks */ = {isa = PBXBuildFile; fileRef = 029DBA611AAA935A00F65019 /* ParseCrashReporting.framework */; };
		029DBA671AAA935A00F65019 /* ParseFacebookUtils.framework in Frameworks */ = {isa = PBXBuildFile; fileRef = 029DBA621AAA935A00F65019 /* ParseFacebookUtils.framework */; };
		029DBA681AAA935A00F65019 /* ParseUI.framework in Frameworks */ = {isa = PBXBuildFile; fileRef = 029DBA631AAA935A00F65019 /* ParseUI.framework */; };
		029DBA6C1AAA9AC900F65019 /* CreatePostTableViewController.swift in Sources */ = {isa = PBXBuildFile; fileRef = 029DBA6B1AAA9AC900F65019 /* CreatePostTableViewController.swift */; };
		029DBA6E1AAA9C8A00F65019 /* MyPostsTableViewController.swift in Sources */ = {isa = PBXBuildFile; fileRef = 029DBA6D1AAA9C8A00F65019 /* MyPostsTableViewController.swift */; };
		029DBA701AAAA3F300F65019 /* MyPostsNoPostsView.xib in Resources */ = {isa = PBXBuildFile; fileRef = 029DBA6F1AAAA3F300F65019 /* MyPostsNoPostsView.xib */; };
		029DBA741AAAB90A00F65019 /* Post.m in Sources */ = {isa = PBXBuildFile; fileRef = 029DBA731AAAB90A00F65019 /* Post.m */; };
		02B4E1131AAB746B0081A78A /* ProfileView.xib in Resources */ = {isa = PBXBuildFile; fileRef = 02B4E1121AAB746B0081A78A /* ProfileView.xib */; };
		02B4E1151AAB78AE0081A78A /* BorderUiView.swift in Sources */ = {isa = PBXBuildFile; fileRef = 02B4E1141AAB78AE0081A78A /* BorderUiView.swift */; };
		02CCEC691AAB514300B23FE6 /* IncomingMessageTableViewCell.xib in Resources */ = {isa = PBXBuildFile; fileRef = 02CCEC671AAB514300B23FE6 /* IncomingMessageTableViewCell.xib */; };
		02CCEC6A1AAB514300B23FE6 /* MessageTableViewCell.xib in Resources */ = {isa = PBXBuildFile; fileRef = 02CCEC681AAB514300B23FE6 /* MessageTableViewCell.xib */; };
		02CCEC6C1AAB518C00B23FE6 /* MessagesDetailTableViewController.swift in Sources */ = {isa = PBXBuildFile; fileRef = 02CCEC6B1AAB518C00B23FE6 /* MessagesDetailTableViewController.swift */; };
		3C689AD21AAA80B900B82314 /* AppDelegate.swift in Sources */ = {isa = PBXBuildFile; fileRef = 3C689AD11AAA80B900B82314 /* AppDelegate.swift */; };
		3C689AD41AAA80B900B82314 /* ViewController.swift in Sources */ = {isa = PBXBuildFile; fileRef = 3C689AD31AAA80B900B82314 /* ViewController.swift */; };
		3C689AD91AAA80B900B82314 /* Images.xcassets in Resources */ = {isa = PBXBuildFile; fileRef = 3C689AD81AAA80B900B82314 /* Images.xcassets */; };
		3C689ADC1AAA80B900B82314 /* LaunchScreen.xib in Resources */ = {isa = PBXBuildFile; fileRef = 3C689ADA1AAA80B900B82314 /* LaunchScreen.xib */; };
		3C689AE81AAA80B900B82314 /* Re_LeaseTests.swift in Sources */ = {isa = PBXBuildFile; fileRef = 3C689AE71AAA80B900B82314 /* Re_LeaseTests.swift */; };
		3C689AF21AAAA73400B82314 /* NotificationsViewController.swift in Sources */ = {isa = PBXBuildFile; fileRef = 3C689AF11AAAA73400B82314 /* NotificationsViewController.swift */; };
		3CC2CB741AAB0F8700EF6C61 /* ProfileViewController.swift in Sources */ = {isa = PBXBuildFile; fileRef = 3CC2CB731AAB0F8700EF6C61 /* ProfileViewController.swift */; };
		3CC2CB761AAB0FAC00EF6C61 /* ListingsViewController.swift in Sources */ = {isa = PBXBuildFile; fileRef = 3CC2CB751AAB0FAC00EF6C61 /* ListingsViewController.swift */; };
/* End PBXBuildFile section */

/* Begin PBXContainerItemProxy section */
		3C689AE21AAA80B900B82314 /* PBXContainerItemProxy */ = {
			isa = PBXContainerItemProxy;
			containerPortal = 3C689AC41AAA80B800B82314 /* Project object */;
			proxyType = 1;
			remoteGlobalIDString = 3C689ACB1AAA80B800B82314;
			remoteInfo = "Re-Lease";
		};
/* End PBXContainerItemProxy section */

/* Begin PBXFileReference section */
		020CCF831AAB052F00E95144 /* PostDetailView.xib */ = {isa = PBXFileReference; fileEncoding = 4; lastKnownFileType = file.xib; path = PostDetailView.xib; sourceTree = "<group>"; };
		020CCF851AAB1BFE00E95144 /* MainTabBarViewController.swift */ = {isa = PBXFileReference; fileEncoding = 4; lastKnownFileType = sourcecode.swift; path = MainTabBarViewController.swift; sourceTree = "<group>"; };
		020CCF871AAB1DAD00E95144 /* AnimationView.xib */ = {isa = PBXFileReference; fileEncoding = 4; lastKnownFileType = file.xib; path = AnimationView.xib; sourceTree = "<group>"; };
		020CCF891AAB31A400E95144 /* UserChat.h */ = {isa = PBXFileReference; fileEncoding = 4; lastKnownFileType = sourcecode.c.h; path = UserChat.h; sourceTree = "<group>"; };
		020CCF8A1AAB31A400E95144 /* UserChat.m */ = {isa = PBXFileReference; fileEncoding = 4; lastKnownFileType = sourcecode.c.objc; path = UserChat.m; sourceTree = "<group>"; };
		020CCF8C1AAB324D00E95144 /* Message.h */ = {isa = PBXFileReference; fileEncoding = 4; lastKnownFileType = sourcecode.c.h; path = Message.h; sourceTree = "<group>"; };
		020CCF8D1AAB324D00E95144 /* Message.m */ = {isa = PBXFileReference; fileEncoding = 4; lastKnownFileType = sourcecode.c.objc; path = Message.m; sourceTree = "<group>"; };
		020CCF8F1AAB355500E95144 /* PreLoginView.xib */ = {isa = PBXFileReference; fileEncoding = 4; lastKnownFileType = file.xib; path = PreLoginView.xib; sourceTree = "<group>"; };
		020CCF911AAB369B00E95144 /* BorderUIButton.swift */ = {isa = PBXFileReference; fileEncoding = 4; lastKnownFileType = sourcecode.swift; path = BorderUIButton.swift; sourceTree = "<group>"; };
		020CCF931AAB375200E95144 /* PreLoginViewController.swift */ = {isa = PBXFileReference; fileEncoding = 4; lastKnownFileType = sourcecode.swift; path = PreLoginViewController.swift; sourceTree = "<group>"; };
		020CCF951AAB388500E95144 /* LogInViewController.swift */ = {isa = PBXFileReference; fileEncoding = 4; lastKnownFileType = sourcecode.swift; path = LogInViewController.swift; sourceTree = "<group>"; };
		020CCF961AAB388500E95144 /* LogInViewController.xib */ = {isa = PBXFileReference; fileEncoding = 4; lastKnownFileType = file.xib; path = LogInViewController.xib; sourceTree = "<group>"; };
		020CCF991AAB39A200E95144 /* BorderUITextField.swift */ = {isa = PBXFileReference; fileEncoding = 4; lastKnownFileType = sourcecode.swift; path = BorderUITextField.swift; sourceTree = "<group>"; };
		022FE0C91AAB5218001532CD /* KeyboardBar.swift */ = {isa = PBXFileReference; fileEncoding = 4; lastKnownFileType = sourcecode.swift; path = KeyboardBar.swift; sourceTree = "<group>"; };
		022FE0CA1AAB5218001532CD /* MessagesTableView.swift */ = {isa = PBXFileReference; fileEncoding = 4; lastKnownFileType = sourcecode.swift; path = MessagesTableView.swift; sourceTree = "<group>"; };
		022FE0CD1AAB5339001532CD /* IncomingMessageTableViewCell.swift */ = {isa = PBXFileReference; fileEncoding = 4; lastKnownFileType = sourcecode.swift; path = IncomingMessageTableViewCell.swift; sourceTree = "<group>"; };
		022FE0CE1AAB5339001532CD /* MessageTableViewCell.swift */ = {isa = PBXFileReference; fileEncoding = 4; lastKnownFileType = sourcecode.swift; path = MessageTableViewCell.swift; sourceTree = "<group>"; };
		022FE0D41AAB544A001532CD /* UIImage+ColorMask.swift */ = {isa = PBXFileReference; fileEncoding = 4; lastKnownFileType = sourcecode.swift; path = "UIImage+ColorMask.swift"; sourceTree = "<group>"; };
		029A44CE1AAACDA600D88781 /* DatePickerCell.xib */ = {isa = PBXFileReference; fileEncoding = 4; lastKnownFileType = file.xib; path = DatePickerCell.xib; sourceTree = "<group>"; };
		029A44D01AAAD7DF00D88781 /* CreatePostLocationSearchTableViewController.swift */ = {isa = PBXFileReference; fileEncoding = 4; lastKnownFileType = sourcecode.swift; path = CreatePostLocationSearchTableViewController.swift; sourceTree = "<group>"; };
		029A44D21AAAD90F00D88781 /* PostLocation.h */ = {isa = PBXFileReference; fileEncoding = 4; lastKnownFileType = sourcecode.c.h; path = PostLocation.h; sourceTree = "<group>"; };
		029A44D31AAAD90F00D88781 /* PostLocation.m */ = {isa = PBXFileReference; fileEncoding = 4; lastKnownFileType = sourcecode.c.objc; path = PostLocation.m; sourceTree = "<group>"; };
		029A44D51AAAE00D00D88781 /* MapItemCell.xib */ = {isa = PBXFileReference; fileEncoding = 4; lastKnownFileType = file.xib; path = MapItemCell.xib; sourceTree = "<group>"; };
		029A44D71AAAE6A500D88781 /* UtilitiesCell.xib */ = {isa = PBXFileReference; fileEncoding = 4; lastKnownFileType = file.xib; path = UtilitiesCell.xib; sourceTree = "<group>"; };
		029DBA3C1AAA881400F65019 /* Bolts.framework */ = {isa = PBXFileReference; lastKnownFileType = wrapper.framework; name = Bolts.framework; path = "../../../Downloads/parse-library-1/Bolts.framework"; sourceTree = "<group>"; };
		029DBA3D1AAA881400F65019 /* Parse.framework */ = {isa = PBXFileReference; lastKnownFileType = wrapper.framework; name = Parse.framework; path = "../../../Downloads/parse-library-1/Parse.framework"; sourceTree = "<group>"; };
		029DBA3E1AAA881400F65019 /* ParseCrashReporting.framework */ = {isa = PBXFileReference; lastKnownFileType = wrapper.framework; name = ParseCrashReporting.framework; path = "../../../Downloads/parse-library-1/ParseCrashReporting.framework"; sourceTree = "<group>"; };
		029DBA3F1AAA881400F65019 /* ParseFacebookUtils.framework */ = {isa = PBXFileReference; lastKnownFileType = wrapper.framework; name = ParseFacebookUtils.framework; path = "../../../Downloads/parse-library-1/ParseFacebookUtils.framework"; sourceTree = "<group>"; };
		029DBA401AAA881400F65019 /* ParseUI.framework */ = {isa = PBXFileReference; lastKnownFileType = wrapper.framework; name = ParseUI.framework; path = "../../../Downloads/parse-library-1/ParseUI.framework"; sourceTree = "<group>"; };
		029DBA471AAA889100F65019 /* AudioToolbox.framework */ = {isa = PBXFileReference; lastKnownFileType = wrapper.framework; name = AudioToolbox.framework; path = System/Library/Frameworks/AudioToolbox.framework; sourceTree = SDKROOT; };
		029DBA481AAA889100F65019 /* CFNetwork.framework */ = {isa = PBXFileReference; lastKnownFileType = wrapper.framework; name = CFNetwork.framework; path = System/Library/Frameworks/CFNetwork.framework; sourceTree = SDKROOT; };
		029DBA491AAA889100F65019 /* CoreGraphics.framework */ = {isa = PBXFileReference; lastKnownFileType = wrapper.framework; name = CoreGraphics.framework; path = System/Library/Frameworks/CoreGraphics.framework; sourceTree = SDKROOT; };
		029DBA4A1AAA889100F65019 /* CoreLocation.framework */ = {isa = PBXFileReference; lastKnownFileType = wrapper.framework; name = CoreLocation.framework; path = System/Library/Frameworks/CoreLocation.framework; sourceTree = SDKROOT; };
		029DBA4B1AAA889100F65019 /* libsqlite3.dylib */ = {isa = PBXFileReference; lastKnownFileType = "compiled.mach-o.dylib"; name = libsqlite3.dylib; path = usr/lib/libsqlite3.dylib; sourceTree = SDKROOT; };
		029DBA4C1AAA889100F65019 /* libz.dylib */ = {isa = PBXFileReference; lastKnownFileType = "compiled.mach-o.dylib"; name = libz.dylib; path = usr/lib/libz.dylib; sourceTree = SDKROOT; };
		029DBA4D1AAA889100F65019 /* MobileCoreServices.framework */ = {isa = PBXFileReference; lastKnownFileType = wrapper.framework; name = MobileCoreServices.framework; path = System/Library/Frameworks/MobileCoreServices.framework; sourceTree = SDKROOT; };
		029DBA4E1AAA889100F65019 /* QuartzCore.framework */ = {isa = PBXFileReference; lastKnownFileType = wrapper.framework; name = QuartzCore.framework; path = System/Library/Frameworks/QuartzCore.framework; sourceTree = SDKROOT; };
		029DBA4F1AAA889100F65019 /* Security.framework */ = {isa = PBXFileReference; lastKnownFileType = wrapper.framework; name = Security.framework; path = System/Library/Frameworks/Security.framework; sourceTree = SDKROOT; };
		029DBA501AAA889100F65019 /* StoreKit.framework */ = {isa = PBXFileReference; lastKnownFileType = wrapper.framework; name = StoreKit.framework; path = System/Library/Frameworks/StoreKit.framework; sourceTree = SDKROOT; };
		029DBA511AAA889100F65019 /* SystemConfiguration.framework */ = {isa = PBXFileReference; lastKnownFileType = wrapper.framework; name = SystemConfiguration.framework; path = System/Library/Frameworks/SystemConfiguration.framework; sourceTree = SDKROOT; };
		029DBA5D1AAA892400F65019 /* Re-Lease-Bridging-Header.h */ = {isa = PBXFileReference; lastKnownFileType = sourcecode.c.h; path = "Re-Lease-Bridging-Header.h"; sourceTree = "<group>"; };
		029DBA5F1AAA935A00F65019 /* Bolts.framework */ = {isa = PBXFileReference; lastKnownFileType = wrapper.framework; name = Bolts.framework; path = "Re-Lease/Bolts.framework"; sourceTree = "<group>"; };
		029DBA601AAA935A00F65019 /* Parse.framework */ = {isa = PBXFileReference; lastKnownFileType = wrapper.framework; name = Parse.framework; path = "Re-Lease/Parse.framework"; sourceTree = "<group>"; };
		029DBA611AAA935A00F65019 /* ParseCrashReporting.framework */ = {isa = PBXFileReference; lastKnownFileType = wrapper.framework; name = ParseCrashReporting.framework; path = "Re-Lease/ParseCrashReporting.framework"; sourceTree = "<group>"; };
		029DBA621AAA935A00F65019 /* ParseFacebookUtils.framework */ = {isa = PBXFileReference; lastKnownFileType = wrapper.framework; name = ParseFacebookUtils.framework; path = "Re-Lease/ParseFacebookUtils.framework"; sourceTree = "<group>"; };
		029DBA631AAA935A00F65019 /* ParseUI.framework */ = {isa = PBXFileReference; lastKnownFileType = wrapper.framework; name = ParseUI.framework; path = "Re-Lease/ParseUI.framework"; sourceTree = "<group>"; };
		029DBA6B1AAA9AC900F65019 /* CreatePostTableViewController.swift */ = {isa = PBXFileReference; fileEncoding = 4; lastKnownFileType = sourcecode.swift; path = CreatePostTableViewController.swift; sourceTree = "<group>"; };
		029DBA6D1AAA9C8A00F65019 /* MyPostsTableViewController.swift */ = {isa = PBXFileReference; fileEncoding = 4; lastKnownFileType = sourcecode.swift; path = MyPostsTableViewController.swift; sourceTree = "<group>"; };
		029DBA6F1AAAA3F300F65019 /* MyPostsNoPostsView.xib */ = {isa = PBXFileReference; fileEncoding = 4; lastKnownFileType = file.xib; path = MyPostsNoPostsView.xib; sourceTree = "<group>"; };
		029DBA721AAAB90A00F65019 /* Post.h */ = {isa = PBXFileReference; fileEncoding = 4; lastKnownFileType = sourcecode.c.h; path = Post.h; sourceTree = "<group>"; };
		029DBA731AAAB90A00F65019 /* Post.m */ = {isa = PBXFileReference; fileEncoding = 4; lastKnownFileType = sourcecode.c.objc; path = Post.m; sourceTree = "<group>"; };
		02B4E1121AAB746B0081A78A /* ProfileView.xib */ = {isa = PBXFileReference; fileEncoding = 4; lastKnownFileType = file.xib; path = ProfileView.xib; sourceTree = "<group>"; };
		02B4E1141AAB78AE0081A78A /* BorderUiView.swift */ = {isa = PBXFileReference; fileEncoding = 4; lastKnownFileType = sourcecode.swift; path = BorderUiView.swift; sourceTree = "<group>"; };
		02CCEC671AAB514300B23FE6 /* IncomingMessageTableViewCell.xib */ = {isa = PBXFileReference; fileEncoding = 4; lastKnownFileType = file.xib; path = IncomingMessageTableViewCell.xib; sourceTree = "<group>"; };
		02CCEC681AAB514300B23FE6 /* MessageTableViewCell.xib */ = {isa = PBXFileReference; fileEncoding = 4; lastKnownFileType = file.xib; path = MessageTableViewCell.xib; sourceTree = "<group>"; };
		02CCEC6B1AAB518C00B23FE6 /* MessagesDetailTableViewController.swift */ = {isa = PBXFileReference; fileEncoding = 4; lastKnownFileType = sourcecode.swift; path = MessagesDetailTableViewController.swift; sourceTree = "<group>"; };
		3C689ACC1AAA80B900B82314 /* Re-Lease.app */ = {isa = PBXFileReference; explicitFileType = wrapper.application; includeInIndex = 0; path = "Re-Lease.app"; sourceTree = BUILT_PRODUCTS_DIR; };
		3C689AD01AAA80B900B82314 /* Info.plist */ = {isa = PBXFileReference; lastKnownFileType = text.plist.xml; path = Info.plist; sourceTree = "<group>"; };
		3C689AD11AAA80B900B82314 /* AppDelegate.swift */ = {isa = PBXFileReference; lastKnownFileType = sourcecode.swift; path = AppDelegate.swift; sourceTree = "<group>"; };
		3C689AD31AAA80B900B82314 /* ViewController.swift */ = {isa = PBXFileReference; lastKnownFileType = sourcecode.swift; path = ViewController.swift; sourceTree = "<group>"; };
		3C689AD81AAA80B900B82314 /* Images.xcassets */ = {isa = PBXFileReference; lastKnownFileType = folder.assetcatalog; path = Images.xcassets; sourceTree = "<group>"; };
		3C689ADB1AAA80B900B82314 /* Base */ = {isa = PBXFileReference; lastKnownFileType = file.xib; name = Base; path = Base.lproj/LaunchScreen.xib; sourceTree = "<group>"; };
		3C689AE11AAA80B900B82314 /* Re-LeaseTests.xctest */ = {isa = PBXFileReference; explicitFileType = wrapper.cfbundle; includeInIndex = 0; path = "Re-LeaseTests.xctest"; sourceTree = BUILT_PRODUCTS_DIR; };
		3C689AE61AAA80B900B82314 /* Info.plist */ = {isa = PBXFileReference; lastKnownFileType = text.plist.xml; path = Info.plist; sourceTree = "<group>"; };
		3C689AE71AAA80B900B82314 /* Re_LeaseTests.swift */ = {isa = PBXFileReference; lastKnownFileType = sourcecode.swift; path = Re_LeaseTests.swift; sourceTree = "<group>"; };
		3C689AF11AAAA73400B82314 /* NotificationsViewController.swift */ = {isa = PBXFileReference; fileEncoding = 4; lastKnownFileType = sourcecode.swift; path = NotificationsViewController.swift; sourceTree = "<group>"; };
		3CC2CB731AAB0F8700EF6C61 /* ProfileViewController.swift */ = {isa = PBXFileReference; fileEncoding = 4; lastKnownFileType = sourcecode.swift; name = ProfileViewController.swift; path = ../ProfileViewController.swift; sourceTree = "<group>"; };
		3CC2CB751AAB0FAC00EF6C61 /* ListingsViewController.swift */ = {isa = PBXFileReference; fileEncoding = 4; lastKnownFileType = sourcecode.swift; name = ListingsViewController.swift; path = ../ListingsViewController.swift; sourceTree = "<group>"; };
/* End PBXFileReference section */

/* Begin PBXFrameworksBuildPhase section */
		3C689AC91AAA80B800B82314 /* Frameworks */ = {
			isa = PBXFrameworksBuildPhase;
			buildActionMask = 2147483647;
			files = (
				029DBA641AAA935A00F65019 /* Bolts.framework in Frameworks */,
				029DBA651AAA935A00F65019 /* Parse.framework in Frameworks */,
				029DBA661AAA935A00F65019 /* ParseCrashReporting.framework in Frameworks */,
				029DBA671AAA935A00F65019 /* ParseFacebookUtils.framework in Frameworks */,
				029DBA681AAA935A00F65019 /* ParseUI.framework in Frameworks */,
				029DBA521AAA889100F65019 /* AudioToolbox.framework in Frameworks */,
				029DBA531AAA889100F65019 /* CFNetwork.framework in Frameworks */,
				029DBA541AAA889100F65019 /* CoreGraphics.framework in Frameworks */,
				029DBA551AAA889100F65019 /* CoreLocation.framework in Frameworks */,
				029DBA561AAA889100F65019 /* libsqlite3.dylib in Frameworks */,
				029DBA571AAA889100F65019 /* libz.dylib in Frameworks */,
				029DBA581AAA889100F65019 /* MobileCoreServices.framework in Frameworks */,
				029DBA591AAA889100F65019 /* QuartzCore.framework in Frameworks */,
				029DBA5A1AAA889100F65019 /* Security.framework in Frameworks */,
				029DBA5B1AAA889100F65019 /* StoreKit.framework in Frameworks */,
				029DBA5C1AAA889100F65019 /* SystemConfiguration.framework in Frameworks */,
			);
			runOnlyForDeploymentPostprocessing = 0;
		};
		3C689ADE1AAA80B900B82314 /* Frameworks */ = {
			isa = PBXFrameworksBuildPhase;
			buildActionMask = 2147483647;
			files = (
			);
			runOnlyForDeploymentPostprocessing = 0;
		};
/* End PBXFrameworksBuildPhase section */

/* Begin PBXGroup section */
		029DBA461AAA881D00F65019 /* Frameworks */ = {
			isa = PBXGroup;
			children = (
				029DBA5F1AAA935A00F65019 /* Bolts.framework */,
				029DBA601AAA935A00F65019 /* Parse.framework */,
				029DBA611AAA935A00F65019 /* ParseCrashReporting.framework */,
				029DBA621AAA935A00F65019 /* ParseFacebookUtils.framework */,
				029DBA631AAA935A00F65019 /* ParseUI.framework */,
				029DBA471AAA889100F65019 /* AudioToolbox.framework */,
				029DBA481AAA889100F65019 /* CFNetwork.framework */,
				029DBA491AAA889100F65019 /* CoreGraphics.framework */,
				029DBA4A1AAA889100F65019 /* CoreLocation.framework */,
				029DBA4B1AAA889100F65019 /* libsqlite3.dylib */,
				029DBA4C1AAA889100F65019 /* libz.dylib */,
				029DBA4D1AAA889100F65019 /* MobileCoreServices.framework */,
				029DBA4E1AAA889100F65019 /* QuartzCore.framework */,
				029DBA4F1AAA889100F65019 /* Security.framework */,
				029DBA501AAA889100F65019 /* StoreKit.framework */,
				029DBA511AAA889100F65019 /* SystemConfiguration.framework */,
				029DBA3C1AAA881400F65019 /* Bolts.framework */,
				029DBA3D1AAA881400F65019 /* Parse.framework */,
				029DBA3E1AAA881400F65019 /* ParseCrashReporting.framework */,
				029DBA3F1AAA881400F65019 /* ParseFacebookUtils.framework */,
				029DBA401AAA881400F65019 /* ParseUI.framework */,
			);
			name = Frameworks;
			sourceTree = "<group>";
		};
		029DBA5E1AAA8CBF00F65019 /* Nibs */ = {
			isa = PBXGroup;
			children = (
				020CCF871AAB1DAD00E95144 /* AnimationView.xib */,
				029A44CE1AAACDA600D88781 /* DatePickerCell.xib */,
				02CCEC671AAB514300B23FE6 /* IncomingMessageTableViewCell.xib */,
				020CCF961AAB388500E95144 /* LogInViewController.xib */,
				029A44D51AAAE00D00D88781 /* MapItemCell.xib */,
				02CCEC681AAB514300B23FE6 /* MessageTableViewCell.xib */,
				029DBA6F1AAAA3F300F65019 /* MyPostsNoPostsView.xib */,
				020CCF831AAB052F00E95144 /* PostDetailView.xib */,
				020CCF8F1AAB355500E95144 /* PreLoginView.xib */,
				029A44D71AAAE6A500D88781 /* UtilitiesCell.xib */,
				02B4E1121AAB746B0081A78A /* ProfileView.xib */,
			);
			name = Nibs;
			sourceTree = "<group>";
		};
		029DBA711AAAB8E000F65019 /* Models */ = {
			isa = PBXGroup;
			children = (
				029DBA721AAAB90A00F65019 /* Post.h */,
				029DBA731AAAB90A00F65019 /* Post.m */,
				029A44D21AAAD90F00D88781 /* PostLocation.h */,
				029A44D31AAAD90F00D88781 /* PostLocation.m */,
				020CCF891AAB31A400E95144 /* UserChat.h */,
				020CCF8A1AAB31A400E95144 /* UserChat.m */,
				020CCF8C1AAB324D00E95144 /* Message.h */,
				020CCF8D1AAB324D00E95144 /* Message.m */,
			);
			name = Models;
			sourceTree = "<group>";
		};
		3C689AC31AAA80B800B82314 = {
			isa = PBXGroup;
			children = (
				3C689ACE1AAA80B900B82314 /* Re-Lease */,
				029DBA461AAA881D00F65019 /* Frameworks */,
				3C689AE41AAA80B900B82314 /* Re-LeaseTests */,
				3C689ACD1AAA80B900B82314 /* Products */,
			);
			sourceTree = "<group>";
		};
		3C689ACD1AAA80B900B82314 /* Products */ = {
			isa = PBXGroup;
			children = (
				3C689ACC1AAA80B900B82314 /* Re-Lease.app */,
				3C689AE11AAA80B900B82314 /* Re-LeaseTests.xctest */,
			);
			name = Products;
			sourceTree = "<group>";
		};
		3C689ACE1AAA80B900B82314 /* Re-Lease */ = {
			isa = PBXGroup;
			children = (
				3C689AD11AAA80B900B82314 /* AppDelegate.swift */,
				020CCF911AAB369B00E95144 /* BorderUIButton.swift */,
				020CCF991AAB39A200E95144 /* BorderUITextField.swift */,
				02B4E1141AAB78AE0081A78A /* BorderUiView.swift */,
				029A44D01AAAD7DF00D88781 /* CreatePostLocationSearchTableViewController.swift */,
				029DBA6B1AAA9AC900F65019 /* CreatePostTableViewController.swift */,
				022FE0CD1AAB5339001532CD /* IncomingMessageTableViewCell.swift */,
				022FE0C91AAB5218001532CD /* KeyboardBar.swift */,
				3CC2CB751AAB0FAC00EF6C61 /* ListingsViewController.swift */,
				020CCF951AAB388500E95144 /* LogInViewController.swift */,
				020CCF851AAB1BFE00E95144 /* MainTabBarViewController.swift */,
				02CCEC6B1AAB518C00B23FE6 /* MessagesDetailTableViewController.swift */,
				022FE0CA1AAB5218001532CD /* MessagesTableView.swift */,
				022FE0CE1AAB5339001532CD /* MessageTableViewCell.swift */,
				029DBA6D1AAA9C8A00F65019 /* MyPostsTableViewController.swift */,
				3C689AF11AAAA73400B82314 /* NotificationsViewController.swift */,
				020CCF931AAB375200E95144 /* PreLoginViewController.swift */,
				3CC2CB731AAB0F8700EF6C61 /* ProfileViewController.swift */,
				022FE0D41AAB544A001532CD /* UIImage+ColorMask.swift */,
				3C689AD31AAA80B900B82314 /* ViewController.swift */,
				3C689AD81AAA80B900B82314 /* Images.xcassets */,
				3C689ADA1AAA80B900B82314 /* LaunchScreen.xib */,
				029DBA711AAAB8E000F65019 /* Models */,
				029DBA5E1AAA8CBF00F65019 /* Nibs */,
				3C689ACF1AAA80B900B82314 /* Supporting Files */,
			);
			path = "Re-Lease";
			sourceTree = "<group>";
		};
		3C689ACF1AAA80B900B82314 /* Supporting Files */ = {
			isa = PBXGroup;
			children = (
				3C689AD01AAA80B900B82314 /* Info.plist */,
				029DBA5D1AAA892400F65019 /* Re-Lease-Bridging-Header.h */,
			);
			name = "Supporting Files";
			sourceTree = "<group>";
		};
		3C689AE41AAA80B900B82314 /* Re-LeaseTests */ = {
			isa = PBXGroup;
			children = (
				3C689AE71AAA80B900B82314 /* Re_LeaseTests.swift */,
				3C689AE51AAA80B900B82314 /* Supporting Files */,
			);
			path = "Re-LeaseTests";
			sourceTree = "<group>";
		};
		3C689AE51AAA80B900B82314 /* Supporting Files */ = {
			isa = PBXGroup;
			children = (
				3C689AE61AAA80B900B82314 /* Info.plist */,
			);
			name = "Supporting Files";
			sourceTree = "<group>";
		};
/* End PBXGroup section */

/* Begin PBXNativeTarget section */
		3C689ACB1AAA80B800B82314 /* Re-Lease */ = {
			isa = PBXNativeTarget;
			buildConfigurationList = 3C689AEB1AAA80B900B82314 /* Build configuration list for PBXNativeTarget "Re-Lease" */;
			buildPhases = (
				3C689AC81AAA80B800B82314 /* Sources */,
				3C689AC91AAA80B800B82314 /* Frameworks */,
				3C689ACA1AAA80B800B82314 /* Resources */,
			);
			buildRules = (
			);
			dependencies = (
			);
			name = "Re-Lease";
			productName = "Re-Lease";
			productReference = 3C689ACC1AAA80B900B82314 /* Re-Lease.app */;
			productType = "com.apple.product-type.application";
		};
		3C689AE01AAA80B900B82314 /* Re-LeaseTests */ = {
			isa = PBXNativeTarget;
			buildConfigurationList = 3C689AEE1AAA80B900B82314 /* Build configuration list for PBXNativeTarget "Re-LeaseTests" */;
			buildPhases = (
				3C689ADD1AAA80B900B82314 /* Sources */,
				3C689ADE1AAA80B900B82314 /* Frameworks */,
				3C689ADF1AAA80B900B82314 /* Resources */,
			);
			buildRules = (
			);
			dependencies = (
				3C689AE31AAA80B900B82314 /* PBXTargetDependency */,
			);
			name = "Re-LeaseTests";
			productName = "Re-LeaseTests";
			productReference = 3C689AE11AAA80B900B82314 /* Re-LeaseTests.xctest */;
			productType = "com.apple.product-type.bundle.unit-test";
		};
/* End PBXNativeTarget section */

/* Begin PBXProject section */
		3C689AC41AAA80B800B82314 /* Project object */ = {
			isa = PBXProject;
			attributes = {
				LastUpgradeCheck = 0610;
				ORGANIZATIONNAME = "Josip Injic";
				TargetAttributes = {
					3C689ACB1AAA80B800B82314 = {
						CreatedOnToolsVersion = 6.1.1;
					};
					3C689AE01AAA80B900B82314 = {
						CreatedOnToolsVersion = 6.1.1;
						TestTargetID = 3C689ACB1AAA80B800B82314;
					};
				};
			};
			buildConfigurationList = 3C689AC71AAA80B800B82314 /* Build configuration list for PBXProject "Re-Lease" */;
			compatibilityVersion = "Xcode 3.2";
			developmentRegion = English;
			hasScannedForEncodings = 0;
			knownRegions = (
				en,
				Base,
			);
			mainGroup = 3C689AC31AAA80B800B82314;
			productRefGroup = 3C689ACD1AAA80B900B82314 /* Products */;
			projectDirPath = "";
			projectRoot = "";
			targets = (
				3C689ACB1AAA80B800B82314 /* Re-Lease */,
				3C689AE01AAA80B900B82314 /* Re-LeaseTests */,
			);
		};
/* End PBXProject section */

/* Begin PBXResourcesBuildPhase section */
		3C689ACA1AAA80B800B82314 /* Resources */ = {
			isa = PBXResourcesBuildPhase;
			buildActionMask = 2147483647;
			files = (
				029A44D81AAAE6A500D88781 /* UtilitiesCell.xib in Resources */,
				02CCEC6A1AAB514300B23FE6 /* MessageTableViewCell.xib in Resources */,
				02CCEC691AAB514300B23FE6 /* IncomingMessageTableViewCell.xib in Resources */,
				029A44D61AAAE00D00D88781 /* MapItemCell.xib in Resources */,
				020CCF841AAB052F00E95144 /* PostDetailView.xib in Resources */,
				029DBA701AAAA3F300F65019 /* MyPostsNoPostsView.xib in Resources */,
				02B4E1131AAB746B0081A78A /* ProfileView.xib in Resources */,
				020CCF981AAB388500E95144 /* LogInViewController.xib in Resources */,
				3C689ADC1AAA80B900B82314 /* LaunchScreen.xib in Resources */,
				020CCF901AAB355500E95144 /* PreLoginView.xib in Resources */,
				020CCF881AAB1DAD00E95144 /* AnimationView.xib in Resources */,
				3C689AD91AAA80B900B82314 /* Images.xcassets in Resources */,
				029A44CF1AAACDA600D88781 /* DatePickerCell.xib in Resources */,
			);
			runOnlyForDeploymentPostprocessing = 0;
		};
		3C689ADF1AAA80B900B82314 /* Resources */ = {
			isa = PBXResourcesBuildPhase;
			buildActionMask = 2147483647;
			files = (
			);
			runOnlyForDeploymentPostprocessing = 0;
		};
/* End PBXResourcesBuildPhase section */

/* Begin PBXSourcesBuildPhase section */
		3C689AC81AAA80B800B82314 /* Sources */ = {
			isa = PBXSourcesBuildPhase;
			buildActionMask = 2147483647;
			files = (
				02CCEC6C1AAB518C00B23FE6 /* MessagesDetailTableViewController.swift in Sources */,
				020CCF8B1AAB31A400E95144 /* UserChat.m in Sources */,
				029A44D41AAAD90F00D88781 /* PostLocation.m in Sources */,
				3C689AD41AAA80B900B82314 /* ViewController.swift in Sources */,
				029DBA741AAAB90A00F65019 /* Post.m in Sources */,
				020CCF861AAB1BFE00E95144 /* MainTabBarViewController.swift in Sources */,
				3C689AF21AAAA73400B82314 /* NotificationsViewController.swift in Sources */,
				022FE0D51AAB544A001532CD /* UIImage+ColorMask.swift in Sources */,
				3C689AD21AAA80B900B82314 /* AppDelegate.swift in Sources */,
				020CCF9A1AAB39A200E95144 /* BorderUITextField.swift in Sources */,
				022FE0CC1AAB5218001532CD /* MessagesTableView.swift in Sources */,
				029DBA6E1AAA9C8A00F65019 /* MyPostsTableViewController.swift in Sources */,
				02B4E1151AAB78AE0081A78A /* BorderUiView.swift in Sources */,
				022FE0CF1AAB5339001532CD /* IncomingMessageTableViewCell.swift in Sources */,
				022FE0CB1AAB5218001532CD /* KeyboardBar.swift in Sources */,
				3CC2CB741AAB0F8700EF6C61 /* ProfileViewController.swift in Sources */,
				020CCF941AAB375200E95144 /* PreLoginViewController.swift in Sources */,
				022FE0D01AAB5339001532CD /* MessageTableViewCell.swift in Sources */,
				029A44D11AAAD7DF00D88781 /* CreatePostLocationSearchTableViewController.swift in Sources */,
				029DBA6C1AAA9AC900F65019 /* CreatePostTableViewController.swift in Sources */,
				020CCF971AAB388500E95144 /* LogInViewController.swift in Sources */,
				020CCF921AAB369B00E95144 /* BorderUIButton.swift in Sources */,
				020CCF8E1AAB324D00E95144 /* Message.m in Sources */,
				3CC2CB761AAB0FAC00EF6C61 /* ListingsViewController.swift in Sources */,
			);
			runOnlyForDeploymentPostprocessing = 0;
		};
		3C689ADD1AAA80B900B82314 /* Sources */ = {
			isa = PBXSourcesBuildPhase;
			buildActionMask = 2147483647;
			files = (
				3C689AE81AAA80B900B82314 /* Re_LeaseTests.swift in Sources */,
			);
			runOnlyForDeploymentPostprocessing = 0;
		};
/* End PBXSourcesBuildPhase section */

/* Begin PBXTargetDependency section */
		3C689AE31AAA80B900B82314 /* PBXTargetDependency */ = {
			isa = PBXTargetDependency;
			target = 3C689ACB1AAA80B800B82314 /* Re-Lease */;
			targetProxy = 3C689AE21AAA80B900B82314 /* PBXContainerItemProxy */;
		};
/* End PBXTargetDependency section */

/* Begin PBXVariantGroup section */
		3C689ADA1AAA80B900B82314 /* LaunchScreen.xib */ = {
			isa = PBXVariantGroup;
			children = (
				3C689ADB1AAA80B900B82314 /* Base */,
			);
			name = LaunchScreen.xib;
			sourceTree = "<group>";
		};
/* End PBXVariantGroup section */

/* Begin XCBuildConfiguration section */
		3C689AE91AAA80B900B82314 /* Debug */ = {
			isa = XCBuildConfiguration;
			buildSettings = {
				ALWAYS_SEARCH_USER_PATHS = NO;
				CLANG_CXX_LANGUAGE_STANDARD = "gnu++0x";
				CLANG_CXX_LIBRARY = "libc++";
				CLANG_ENABLE_MODULES = YES;
				CLANG_ENABLE_OBJC_ARC = YES;
				CLANG_WARN_BOOL_CONVERSION = YES;
				CLANG_WARN_CONSTANT_CONVERSION = YES;
				CLANG_WARN_DIRECT_OBJC_ISA_USAGE = YES_ERROR;
				CLANG_WARN_EMPTY_BODY = YES;
				CLANG_WARN_ENUM_CONVERSION = YES;
				CLANG_WARN_INT_CONVERSION = YES;
				CLANG_WARN_OBJC_ROOT_CLASS = YES_ERROR;
				CLANG_WARN_UNREACHABLE_CODE = YES;
				CLANG_WARN__DUPLICATE_METHOD_MATCH = YES;
				"CODE_SIGN_IDENTITY[sdk=iphoneos*]" = "iPhone Developer";
				COPY_PHASE_STRIP = NO;
				ENABLE_STRICT_OBJC_MSGSEND = YES;
				GCC_C_LANGUAGE_STANDARD = gnu99;
				GCC_DYNAMIC_NO_PIC = NO;
				GCC_OPTIMIZATION_LEVEL = 0;
				GCC_PREPROCESSOR_DEFINITIONS = (
					"DEBUG=1",
					"$(inherited)",
				);
				GCC_SYMBOLS_PRIVATE_EXTERN = NO;
				GCC_WARN_64_TO_32_BIT_CONVERSION = YES;
				GCC_WARN_ABOUT_RETURN_TYPE = YES_ERROR;
				GCC_WARN_UNDECLARED_SELECTOR = YES;
				GCC_WARN_UNINITIALIZED_AUTOS = YES_AGGRESSIVE;
				GCC_WARN_UNUSED_FUNCTION = YES;
				GCC_WARN_UNUSED_VARIABLE = YES;
				IPHONEOS_DEPLOYMENT_TARGET = 8.1;
				MTL_ENABLE_DEBUG_INFO = YES;
				ONLY_ACTIVE_ARCH = YES;
				SDKROOT = iphoneos;
				SWIFT_OPTIMIZATION_LEVEL = "-Onone";
			};
			name = Debug;
		};
		3C689AEA1AAA80B900B82314 /* Release */ = {
			isa = XCBuildConfiguration;
			buildSettings = {
				ALWAYS_SEARCH_USER_PATHS = NO;
				CLANG_CXX_LANGUAGE_STANDARD = "gnu++0x";
				CLANG_CXX_LIBRARY = "libc++";
				CLANG_ENABLE_MODULES = YES;
				CLANG_ENABLE_OBJC_ARC = YES;
				CLANG_WARN_BOOL_CONVERSION = YES;
				CLANG_WARN_CONSTANT_CONVERSION = YES;
				CLANG_WARN_DIRECT_OBJC_ISA_USAGE = YES_ERROR;
				CLANG_WARN_EMPTY_BODY = YES;
				CLANG_WARN_ENUM_CONVERSION = YES;
				CLANG_WARN_INT_CONVERSION = YES;
				CLANG_WARN_OBJC_ROOT_CLASS = YES_ERROR;
				CLANG_WARN_UNREACHABLE_CODE = YES;
				CLANG_WARN__DUPLICATE_METHOD_MATCH = YES;
				"CODE_SIGN_IDENTITY[sdk=iphoneos*]" = "iPhone Developer";
				COPY_PHASE_STRIP = YES;
				ENABLE_NS_ASSERTIONS = NO;
				ENABLE_STRICT_OBJC_MSGSEND = YES;
				GCC_C_LANGUAGE_STANDARD = gnu99;
				GCC_WARN_64_TO_32_BIT_CONVERSION = YES;
				GCC_WARN_ABOUT_RETURN_TYPE = YES_ERROR;
				GCC_WARN_UNDECLARED_SELECTOR = YES;
				GCC_WARN_UNINITIALIZED_AUTOS = YES_AGGRESSIVE;
				GCC_WARN_UNUSED_FUNCTION = YES;
				GCC_WARN_UNUSED_VARIABLE = YES;
				IPHONEOS_DEPLOYMENT_TARGET = 8.1;
				MTL_ENABLE_DEBUG_INFO = NO;
				SDKROOT = iphoneos;
				VALIDATE_PRODUCT = YES;
			};
			name = Release;
		};
		3C689AEC1AAA80B900B82314 /* Debug */ = {
			isa = XCBuildConfiguration;
			buildSettings = {
				ASSETCATALOG_COMPILER_APPICON_NAME = AppIcon;
				FRAMEWORK_SEARCH_PATHS = (
					"$(inherited)",
					"Re-Lease",
					"$(PROJECT_DIR)/Re-Lease",
				);
				INFOPLIST_FILE = "Re-Lease/Info.plist";
				LD_RUNPATH_SEARCH_PATHS = "$(inherited) @executable_path/Frameworks";
				PRODUCT_NAME = "$(TARGET_NAME)";
				SWIFT_OBJC_BRIDGING_HEADER = "Re-Lease/Re-Lease-Bridging-Header.h";
			};
			name = Debug;
		};
		3C689AED1AAA80B900B82314 /* Release */ = {
			isa = XCBuildConfiguration;
			buildSettings = {
				ASSETCATALOG_COMPILER_APPICON_NAME = AppIcon;
				FRAMEWORK_SEARCH_PATHS = (
					"$(inherited)",
					"Re-Lease",
					"$(PROJECT_DIR)/Re-Lease",
				);
				INFOPLIST_FILE = "Re-Lease/Info.plist";
				LD_RUNPATH_SEARCH_PATHS = "$(inherited) @executable_path/Frameworks";
				PRODUCT_NAME = "$(TARGET_NAME)";
				SWIFT_OBJC_BRIDGING_HEADER = "Re-Lease/Re-Lease-Bridging-Header.h";
			};
			name = Release;
		};
		3C689AEF1AAA80B900B82314 /* Debug */ = {
			isa = XCBuildConfiguration;
			buildSettings = {
				BUNDLE_LOADER = "$(TEST_HOST)";
				FRAMEWORK_SEARCH_PATHS = (
					"$(SDKROOT)/Developer/Library/Frameworks",
					"$(inherited)",
				);
				GCC_PREPROCESSOR_DEFINITIONS = (
					"DEBUG=1",
					"$(inherited)",
				);
				INFOPLIST_FILE = "Re-LeaseTests/Info.plist";
				LD_RUNPATH_SEARCH_PATHS = "$(inherited) @executable_path/Frameworks @loader_path/Frameworks";
				PRODUCT_NAME = "$(TARGET_NAME)";
				TEST_HOST = "$(BUILT_PRODUCTS_DIR)/Re-Lease.app/Re-Lease";
			};
			name = Debug;
		};
		3C689AF01AAA80B900B82314 /* Release */ = {
			isa = XCBuildConfiguration;
			buildSettings = {
				BUNDLE_LOADER = "$(TEST_HOST)";
				FRAMEWORK_SEARCH_PATHS = (
					"$(SDKROOT)/Developer/Library/Frameworks",
					"$(inherited)",
				);
				INFOPLIST_FILE = "Re-LeaseTests/Info.plist";
				LD_RUNPATH_SEARCH_PATHS = "$(inherited) @executable_path/Frameworks @loader_path/Frameworks";
				PRODUCT_NAME = "$(TARGET_NAME)";
				TEST_HOST = "$(BUILT_PRODUCTS_DIR)/Re-Lease.app/Re-Lease";
			};
			name = Release;
		};
/* End XCBuildConfiguration section */

/* Begin XCConfigurationList section */
		3C689AC71AAA80B800B82314 /* Build configuration list for PBXProject "Re-Lease" */ = {
			isa = XCConfigurationList;
			buildConfigurations = (
				3C689AE91AAA80B900B82314 /* Debug */,
				3C689AEA1AAA80B900B82314 /* Release */,
			);
			defaultConfigurationIsVisible = 0;
			defaultConfigurationName = Release;
		};
		3C689AEB1AAA80B900B82314 /* Build configuration list for PBXNativeTarget "Re-Lease" */ = {
			isa = XCConfigurationList;
			buildConfigurations = (
				3C689AEC1AAA80B900B82314 /* Debug */,
				3C689AED1AAA80B900B82314 /* Release */,
			);
			defaultConfigurationIsVisible = 0;
			defaultConfigurationName = Release;
		};
		3C689AEE1AAA80B900B82314 /* Build configuration list for PBXNativeTarget "Re-LeaseTests" */ = {
			isa = XCConfigurationList;
			buildConfigurations = (
				3C689AEF1AAA80B900B82314 /* Debug */,
				3C689AF01AAA80B900B82314 /* Release */,
			);
			defaultConfigurationIsVisible = 0;
			defaultConfigurationName = Release;
		};
/* End XCConfigurationList section */
	};
	rootObject = 3C689AC41AAA80B800B82314 /* Project object */;
}
