// !$*UTF8*$!
{
	archiveVersion = 1;
	classes = {
	};
	objectVersion = 46;
	objects = {

/* Begin PBXBuildFile section */
		029DBA521AAA889100F65019 /* AudioToolbox.framework in Frameworks */ = {isa = PBXBuildFile; fileRef = 029DBA471AAA889100F65019 /* AudioToolbox.framework */; };
		029DBA531AAA889100F65019 /* CFNetwork.framework in Frameworks */ = {isa = PBXBuildFile; fileRef = 029DBA481AAA889100F65019 /* CFNetwork.framework */; };
		029DBA541AAA889100F65019 /* CoreGraphics.framework in Frameworks */ = {isa = PBXBuildFile; fileRef = 029DBA491AAA889100F65019 /* CoreGraphics.framework */; };
		029DBA551AAA889100F65019 /* CoreLocation.framework in Frameworks */ = {isa = PBXBuildFile; fileRef = 029DBA4A1AAA889100F65019 /* CoreLocation.framework */; };
		029DBA561AAA889100F65019 /* libsqlite3.dylib in Frameworks */ = {isa = PBXBuildFile; fileRef = 029DBA4B1AAA889100F65019 /* libsqlite3.dylib */; };
		029DBA571AAA889100F65019 /* libz.dylib in Frameworks */ = {isa = PBXBuildFile; fileRef = 029DBA4C1AAA889100F65019 /* libz.dylib */; };
		029DBA581AAA889100F65019 /* MobileCoreServices.framework in Frameworks */ = {isa = PBXBuildFile; fileRef = 029DBA4D1AAA889100F65019 /* MobileCoreServices.framework */; };
		029DBA591AAA889100F65019 /* QuartzCore.framework in Frameworks */ = {isa = PBXBuildFile; fileRef = 029DBA4E1AAA889100F65019 /* QuartzCore.framework */; };
		029DBA5A1AAA889100F65019 /* Security.framework in Frameworks */ = {isa = PBXBuildFile; fileRef = 029DBA4F1AAA889100F65019 /* Security.framework */; };
		029DBA5B1AAA889100F65019 /* StoreKit.framework in Frameworks */ = {isa = PBXBuildFile; fileRef = 029DBA501AAA889100F65019 /* StoreKit.framework */; };
		029DBA5C1AAA889100F65019 /* SystemConfiguration.framework in Frameworks */ = {isa = PBXBuildFile; fileRef = 029DBA511AAA889100F65019 /* SystemConfiguration.framework */; };
		029DBA641AAA935A00F65019 /* Bolts.framework in Frameworks */ = {isa = PBXBuildFile; fileRef = 029DBA5F1AAA935A00F65019 /* Bolts.framework */; };
		029DBA651AAA935A00F65019 /* Parse.framework in Frameworks */ = {isa = PBXBuildFile; fileRef = 029DBA601AAA935A00F65019 /* Parse.framework */; };
		029DBA661AAA935A00F65019 /* ParseCrashReporting.framework in Frameworks */ = {isa = PBXBuildFile; fileRef = 029DBA611AAA935A00F65019 /* ParseCrashReporting.framework */; };
		029DBA671AAA935A00F65019 /* ParseFacebookUtils.framework in Frameworks */ = {isa = PBXBuildFile; fileRef = 029DBA621AAA935A00F65019 /* ParseFacebookUtils.framework */; };
		029DBA681AAA935A00F65019 /* ParseUI.framework in Frameworks */ = {isa = PBXBuildFile; fileRef = 029DBA631AAA935A00F65019 /* ParseUI.framework */; };
		029DBA6C1AAA9AC900F65019 /* CreatePostTableViewController.swift in Sources */ = {isa = PBXBuildFile; fileRef = 029DBA6B1AAA9AC900F65019 /* CreatePostTableViewController.swift */; };
		029DBA6E1AAA9C8A00F65019 /* MyPostsTableViewController.swift in Sources */ = {isa = PBXBuildFile; fileRef = 029DBA6D1AAA9C8A00F65019 /* MyPostsTableViewController.swift */; };
		029DBA701AAAA3F300F65019 /* MyPostsNoPostsView.xib in Resources */ = {isa = PBXBuildFile; fileRef = 029DBA6F1AAAA3F300F65019 /* MyPostsNoPostsView.xib */; };
		029DBA741AAAB90A00F65019 /* Post.m in Sources */ = {isa = PBXBuildFile; fileRef = 029DBA731AAAB90A00F65019 /* Post.m */; };
		3C689AD21AAA80B900B82314 /* AppDelegate.swift in Sources */ = {isa = PBXBuildFile; fileRef = 3C689AD11AAA80B900B82314 /* AppDelegate.swift */; };
		3C689AD41AAA80B900B82314 /* ViewController.swift in Sources */ = {isa = PBXBuildFile; fileRef = 3C689AD31AAA80B900B82314 /* ViewController.swift */; };
		3C689AD91AAA80B900B82314 /* Images.xcassets in Resources */ = {isa = PBXBuildFile; fileRef = 3C689AD81AAA80B900B82314 /* Images.xcassets */; };
		3C689ADC1AAA80B900B82314 /* LaunchScreen.xib in Resources */ = {isa = PBXBuildFile; fileRef = 3C689ADA1AAA80B900B82314 /* LaunchScreen.xib */; };
		3C689AE81AAA80B900B82314 /* Re_LeaseTests.swift in Sources */ = {isa = PBXBuildFile; fileRef = 3C689AE71AAA80B900B82314 /* Re_LeaseTests.swift */; };
		3C689AF21AAAA73400B82314 /* NotificationsViewController.swift in Sources */ = {isa = PBXBuildFile; fileRef = 3C689AF11AAAA73400B82314 /* NotificationsViewController.swift */; };
/* End PBXBuildFile section */

/* Begin PBXContainerItemProxy section */
		3C689AE21AAA80B900B82314 /* PBXContainerItemProxy */ = {
			isa = PBXContainerItemProxy;
			containerPortal = 3C689AC41AAA80B800B82314 /* Project object */;
			proxyType = 1;
			remoteGlobalIDString = 3C689ACB1AAA80B800B82314;
			remoteInfo = "Re-Lease";
		};
/* End PBXContainerItemProxy section */

/* Begin PBXFileReference section */
		029DBA3C1AAA881400F65019 /* Bolts.framework */ = {isa = PBXFileReference; lastKnownFileType = wrapper.framework; name = Bolts.framework; path = "../../../Downloads/parse-library-1/Bolts.framework"; sourceTree = "<group>"; };
		029DBA3D1AAA881400F65019 /* Parse.framework */ = {isa = PBXFileReference; lastKnownFileType = wrapper.framework; name = Parse.framework; path = "../../../Downloads/parse-library-1/Parse.framework"; sourceTree = "<group>"; };
		029DBA3E1AAA881400F65019 /* ParseCrashReporting.framework */ = {isa = PBXFileReference; lastKnownFileType = wrapper.framework; name = ParseCrashReporting.framework; path = "../../../Downloads/parse-library-1/ParseCrashReporting.framework"; sourceTree = "<group>"; };
		029DBA3F1AAA881400F65019 /* ParseFacebookUtils.framework */ = {isa = PBXFileReference; lastKnownFileType = wrapper.framework; name = ParseFacebookUtils.framework; path = "../../../Downloads/parse-library-1/ParseFacebookUtils.framework"; sourceTree = "<group>"; };
		029DBA401AAA881400F65019 /* ParseUI.framework */ = {isa = PBXFileReference; lastKnownFileType = wrapper.framework; name = ParseUI.framework; path = "../../../Downloads/parse-library-1/ParseUI.framework"; sourceTree = "<group>"; };
		029DBA471AAA889100F65019 /* AudioToolbox.framework */ = {isa = PBXFileReference; lastKnownFileType = wrapper.framework; name = AudioToolbox.framework; path = System/Library/Frameworks/AudioToolbox.framework; sourceTree = SDKROOT; };
		029DBA481AAA889100F65019 /* CFNetwork.framework */ = {isa = PBXFileReference; lastKnownFileType = wrapper.framework; name = CFNetwork.framework; path = System/Library/Frameworks/CFNetwork.framework; sourceTree = SDKROOT; };
		029DBA491AAA889100F65019 /* CoreGraphics.framework */ = {isa = PBXFileReference; lastKnownFileType = wrapper.framework; name = CoreGraphics.framework; path = System/Library/Frameworks/CoreGraphics.framework; sourceTree = SDKROOT; };
		029DBA4A1AAA889100F65019 /* CoreLocation.framework */ = {isa = PBXFileReference; lastKnownFileType = wrapper.framework; name = CoreLocation.framework; path = System/Library/Frameworks/CoreLocation.framework; sourceTree = SDKROOT; };
		029DBA4B1AAA889100F65019 /* libsqlite3.dylib */ = {isa = PBXFileReference; lastKnownFileType = "compiled.mach-o.dylib"; name = libsqlite3.dylib; path = usr/lib/libsqlite3.dylib; sourceTree = SDKROOT; };
		029DBA4C1AAA889100F65019 /* libz.dylib */ = {isa = PBXFileReference; lastKnownFileType = "compiled.mach-o.dylib"; name = libz.dylib; path = usr/lib/libz.dylib; sourceTree = SDKROOT; };
		029DBA4D1AAA889100F65019 /* MobileCoreServices.framework */ = {isa = PBXFileReference; lastKnownFileType = wrapper.framework; name = MobileCoreServices.framework; path = System/Library/Frameworks/MobileCoreServices.framework; sourceTree = SDKROOT; };
		029DBA4E1AAA889100F65019 /* QuartzCore.framework */ = {isa = PBXFileReference; lastKnownFileType = wrapper.framework; name = QuartzCore.framework; path = System/Library/Frameworks/QuartzCore.framework; sourceTree = SDKROOT; };
		029DBA4F1AAA889100F65019 /* Security.framework */ = {isa = PBXFileReference; lastKnownFileType = wrapper.framework; name = Security.framework; path = System/Library/Frameworks/Security.framework; sourceTree = SDKROOT; };
		029DBA501AAA889100F65019 /* StoreKit.framework */ = {isa = PBXFileReference; lastKnownFileType = wrapper.framework; name = StoreKit.framework; path = System/Library/Frameworks/StoreKit.framework; sourceTree = SDKROOT; };
		029DBA511AAA889100F65019 /* SystemConfiguration.framework */ = {isa = PBXFileReference; lastKnownFileType = wrapper.framework; name = SystemConfiguration.framework; path = System/Library/Frameworks/SystemConfiguration.framework; sourceTree = SDKROOT; };
		029DBA5D1AAA892400F65019 /* Re-Lease-Bridging-Header.h */ = {isa = PBXFileReference; lastKnownFileType = sourcecode.c.h; path = "Re-Lease-Bridging-Header.h"; sourceTree = "<group>"; };
		029DBA5F1AAA935A00F65019 /* Bolts.framework */ = {isa = PBXFileReference; lastKnownFileType = wrapper.framework; name = Bolts.framework; path = "Re-Lease/Bolts.framework"; sourceTree = "<group>"; };
		029DBA601AAA935A00F65019 /* Parse.framework */ = {isa = PBXFileReference; lastKnownFileType = wrapper.framework; name = Parse.framework; path = "Re-Lease/Parse.framework"; sourceTree = "<group>"; };
		029DBA611AAA935A00F65019 /* ParseCrashReporting.framework */ = {isa = PBXFileReference; lastKnownFileType = wrapper.framework; name = ParseCrashReporting.framework; path = "Re-Lease/ParseCrashReporting.framework"; sourceTree = "<group>"; };
		029DBA621AAA935A00F65019 /* ParseFacebookUtils.framework */ = {isa = PBXFileReference; lastKnownFileType = wrapper.framework; name = ParseFacebookUtils.framework; path = "Re-Lease/ParseFacebookUtils.framework"; sourceTree = "<group>"; };
		029DBA631AAA935A00F65019 /* ParseUI.framework */ = {isa = PBXFileReference; lastKnownFileType = wrapper.framework; name = ParseUI.framework; path = "Re-Lease/ParseUI.framework"; sourceTree = "<group>"; };
		029DBA6B1AAA9AC900F65019 /* CreatePostTableViewController.swift */ = {isa = PBXFileReference; fileEncoding = 4; lastKnownFileType = sourcecode.swift; path = CreatePostTableViewController.swift; sourceTree = "<group>"; };
		029DBA6D1AAA9C8A00F65019 /* MyPostsTableViewController.swift */ = {isa = PBXFileReference; fileEncoding = 4; lastKnownFileType = sourcecode.swift; path = MyPostsTableViewController.swift; sourceTree = "<group>"; };
		029DBA6F1AAAA3F300F65019 /* MyPostsNoPostsView.xib */ = {isa = PBXFileReference; fileEncoding = 4; lastKnownFileType = file.xib; path = MyPostsNoPostsView.xib; sourceTree = "<group>"; };
		029DBA721AAAB90A00F65019 /* Post.h */ = {isa = PBXFileReference; fileEncoding = 4; lastKnownFileType = sourcecode.c.h; path = Post.h; sourceTree = "<group>"; };
		029DBA731AAAB90A00F65019 /* Post.m */ = {isa = PBXFileReference; fileEncoding = 4; lastKnownFileType = sourcecode.c.objc; path = Post.m; sourceTree = "<group>"; };
		3C689ACC1AAA80B900B82314 /* Re-Lease.app */ = {isa = PBXFileReference; explicitFileType = wrapper.application; includeInIndex = 0; path = "Re-Lease.app"; sourceTree = BUILT_PRODUCTS_DIR; };
		3C689AD01AAA80B900B82314 /* Info.plist */ = {isa = PBXFileReference; lastKnownFileType = text.plist.xml; path = Info.plist; sourceTree = "<group>"; };
		3C689AD11AAA80B900B82314 /* AppDelegate.swift */ = {isa = PBXFileReference; lastKnownFileType = sourcecode.swift; path = AppDelegate.swift; sourceTree = "<group>"; };
		3C689AD31AAA80B900B82314 /* ViewController.swift */ = {isa = PBXFileReference; lastKnownFileType = sourcecode.swift; path = ViewController.swift; sourceTree = "<group>"; };
		3C689AD81AAA80B900B82314 /* Images.xcassets */ = {isa = PBXFileReference; lastKnownFileType = folder.assetcatalog; path = Images.xcassets; sourceTree = "<group>"; };
		3C689ADB1AAA80B900B82314 /* Base */ = {isa = PBXFileReference; lastKnownFileType = file.xib; name = Base; path = Base.lproj/LaunchScreen.xib; sourceTree = "<group>"; };
		3C689AE11AAA80B900B82314 /* Re-LeaseTests.xctest */ = {isa = PBXFileReference; explicitFileType = wrapper.cfbundle; includeInIndex = 0; path = "Re-LeaseTests.xctest"; sourceTree = BUILT_PRODUCTS_DIR; };
		3C689AE61AAA80B900B82314 /* Info.plist */ = {isa = PBXFileReference; lastKnownFileType = text.plist.xml; path = Info.plist; sourceTree = "<group>"; };
		3C689AE71AAA80B900B82314 /* Re_LeaseTests.swift */ = {isa = PBXFileReference; lastKnownFileType = sourcecode.swift; path = Re_LeaseTests.swift; sourceTree = "<group>"; };
		3C689AF11AAAA73400B82314 /* NotificationsViewController.swift */ = {isa = PBXFileReference; fileEncoding = 4; lastKnownFileType = sourcecode.swift; path = NotificationsViewController.swift; sourceTree = "<group>"; };
/* End PBXFileReference section */

/* Begin PBXFrameworksBuildPhase section */
		3C689AC91AAA80B800B82314 /* Frameworks */ = {
			isa = PBXFrameworksBuildPhase;
			buildActionMask = 2147483647;
			files = (
				029DBA641AAA935A00F65019 /* Bolts.framework in Frameworks */,
				029DBA651AAA935A00F65019 /* Parse.framework in Frameworks */,
				029DBA661AAA935A00F65019 /* ParseCrashReporting.framework in Frameworks */,
				029DBA671AAA935A00F65019 /* ParseFacebookUtils.framework in Frameworks */,
				029DBA681AAA935A00F65019 /* ParseUI.framework in Frameworks */,
				029DBA521AAA889100F65019 /* AudioToolbox.framework in Frameworks */,
				029DBA531AAA889100F65019 /* CFNetwork.framework in Frameworks */,
				029DBA541AAA889100F65019 /* CoreGraphics.framework in Frameworks */,
				029DBA551AAA889100F65019 /* CoreLocation.framework in Frameworks */,
				029DBA561AAA889100F65019 /* libsqlite3.dylib in Frameworks */,
				029DBA571AAA889100F65019 /* libz.dylib in Frameworks */,
				029DBA581AAA889100F65019 /* MobileCoreServices.framework in Frameworks */,
				029DBA591AAA889100F65019 /* QuartzCore.framework in Frameworks */,
				029DBA5A1AAA889100F65019 /* Security.framework in Frameworks */,
				029DBA5B1AAA889100F65019 /* StoreKit.framework in Frameworks */,
				029DBA5C1AAA889100F65019 /* SystemConfiguration.framework in Frameworks */,
			);
			runOnlyForDeploymentPostprocessing = 0;
		};
		3C689ADE1AAA80B900B82314 /* Frameworks */ = {
			isa = PBXFrameworksBuildPhase;
			buildActionMask = 2147483647;
			files = (
			);
			runOnlyForDeploymentPostprocessing = 0;
		};
/* End PBXFrameworksBuildPhase section */

/* Begin PBXGroup section */
		029DBA461AAA881D00F65019 /* Frameworks */ = {
			isa = PBXGroup;
			children = (
				029DBA5F1AAA935A00F65019 /* Bolts.framework */,
				029DBA601AAA935A00F65019 /* Parse.framework */,
				029DBA611AAA935A00F65019 /* ParseCrashReporting.framework */,
				029DBA621AAA935A00F65019 /* ParseFacebookUtils.framework */,
				029DBA631AAA935A00F65019 /* ParseUI.framework */,
				029DBA471AAA889100F65019 /* AudioToolbox.framework */,
				029DBA481AAA889100F65019 /* CFNetwork.framework */,
				029DBA491AAA889100F65019 /* CoreGraphics.framework */,
				029DBA4A1AAA889100F65019 /* CoreLocation.framework */,
				029DBA4B1AAA889100F65019 /* libsqlite3.dylib */,
				029DBA4C1AAA889100F65019 /* libz.dylib */,
				029DBA4D1AAA889100F65019 /* MobileCoreServices.framework */,
				029DBA4E1AAA889100F65019 /* QuartzCore.framework */,
				029DBA4F1AAA889100F65019 /* Security.framework */,
				029DBA501AAA889100F65019 /* StoreKit.framework */,
				029DBA511AAA889100F65019 /* SystemConfiguration.framework */,
				029DBA3C1AAA881400F65019 /* Bolts.framework */,
				029DBA3D1AAA881400F65019 /* Parse.framework */,
				029DBA3E1AAA881400F65019 /* ParseCrashReporting.framework */,
				029DBA3F1AAA881400F65019 /* ParseFacebookUtils.framework */,
				029DBA401AAA881400F65019 /* ParseUI.framework */,
			);
			name = Frameworks;
			sourceTree = "<group>";
		};
		029DBA5E1AAA8CBF00F65019 /* Nibs */ = {
			isa = PBXGroup;
			children = (
				029DBA6F1AAAA3F300F65019 /* MyPostsNoPostsView.xib */,
			);
			name = Nibs;
			sourceTree = "<group>";
		};
		029DBA711AAAB8E000F65019 /* Models */ = {
			isa = PBXGroup;
			children = (
				029DBA721AAAB90A00F65019 /* Post.h */,
				029DBA731AAAB90A00F65019 /* Post.m */,
			);
			name = Models;
			sourceTree = "<group>";
		};
		3C689AC31AAA80B800B82314 = {
			isa = PBXGroup;
			children = (
				3C689ACE1AAA80B900B82314 /* Re-Lease */,
				029DBA461AAA881D00F65019 /* Frameworks */,
				3C689AE41AAA80B900B82314 /* Re-LeaseTests */,
				3C689ACD1AAA80B900B82314 /* Products */,
			);
			sourceTree = "<group>";
		};
		3C689ACD1AAA80B900B82314 /* Products */ = {
			isa = PBXGroup;
			children = (
				3C689ACC1AAA80B900B82314 /* Re-Lease.app */,
				3C689AE11AAA80B900B82314 /* Re-LeaseTests.xctest */,
			);
			name = Products;
			sourceTree = "<group>";
		};
		3C689ACE1AAA80B900B82314 /* Re-Lease */ = {
			isa = PBXGroup;
			children = (
				3C689AD11AAA80B900B82314 /* AppDelegate.swift */,
				029DBA6B1AAA9AC900F65019 /* CreatePostTableViewController.swift */,
				029DBA6D1AAA9C8A00F65019 /* MyPostsTableViewController.swift */,
<<<<<<< HEAD
				3C689AD31AAA80B900B82314 /* ViewController.swift */,
				3C689AF11AAAA73400B82314 /* NotificationsViewController.swift */,
=======
				3C689AF11AAAA73400B82314 /* notificationsViewController.swift */,
				3C689AD31AAA80B900B82314 /* ViewController.swift */,
>>>>>>> master
				3C689AD81AAA80B900B82314 /* Images.xcassets */,
				3C689ADA1AAA80B900B82314 /* LaunchScreen.xib */,
				029DBA711AAAB8E000F65019 /* Models */,
				029DBA5E1AAA8CBF00F65019 /* Nibs */,
				3C689ACF1AAA80B900B82314 /* Supporting Files */,
			);
			path = "Re-Lease";
			sourceTree = "<group>";
		};
		3C689ACF1AAA80B900B82314 /* Supporting Files */ = {
			isa = PBXGroup;
			children = (
				3C689AD01AAA80B900B82314 /* Info.plist */,
				029DBA5D1AAA892400F65019 /* Re-Lease-Bridging-Header.h */,
			);
			name = "Supporting Files";
			sourceTree = "<group>";
		};
		3C689AE41AAA80B900B82314 /* Re-LeaseTests */ = {
			isa = PBXGroup;
			children = (
				3C689AE71AAA80B900B82314 /* Re_LeaseTests.swift */,
				3C689AE51AAA80B900B82314 /* Supporting Files */,
			);
			path = "Re-LeaseTests";
			sourceTree = "<group>";
		};
		3C689AE51AAA80B900B82314 /* Supporting Files */ = {
			isa = PBXGroup;
			children = (
				3C689AE61AAA80B900B82314 /* Info.plist */,
			);
			name = "Supporting Files";
			sourceTree = "<group>";
		};
/* End PBXGroup section */

/* Begin PBXNativeTarget section */
		3C689ACB1AAA80B800B82314 /* Re-Lease */ = {
			isa = PBXNativeTarget;
			buildConfigurationList = 3C689AEB1AAA80B900B82314 /* Build configuration list for PBXNativeTarget "Re-Lease" */;
			buildPhases = (
				3C689AC81AAA80B800B82314 /* Sources */,
				3C689AC91AAA80B800B82314 /* Frameworks */,
				3C689ACA1AAA80B800B82314 /* Resources */,
			);
			buildRules = (
			);
			dependencies = (
			);
			name = "Re-Lease";
			productName = "Re-Lease";
			productReference = 3C689ACC1AAA80B900B82314 /* Re-Lease.app */;
			productType = "com.apple.product-type.application";
		};
		3C689AE01AAA80B900B82314 /* Re-LeaseTests */ = {
			isa = PBXNativeTarget;
			buildConfigurationList = 3C689AEE1AAA80B900B82314 /* Build configuration list for PBXNativeTarget "Re-LeaseTests" */;
			buildPhases = (
				3C689ADD1AAA80B900B82314 /* Sources */,
				3C689ADE1AAA80B900B82314 /* Frameworks */,
				3C689ADF1AAA80B900B82314 /* Resources */,
			);
			buildRules = (
			);
			dependencies = (
				3C689AE31AAA80B900B82314 /* PBXTargetDependency */,
			);
			name = "Re-LeaseTests";
			productName = "Re-LeaseTests";
			productReference = 3C689AE11AAA80B900B82314 /* Re-LeaseTests.xctest */;
			productType = "com.apple.product-type.bundle.unit-test";
		};
/* End PBXNativeTarget section */

/* Begin PBXProject section */
		3C689AC41AAA80B800B82314 /* Project object */ = {
			isa = PBXProject;
			attributes = {
				LastUpgradeCheck = 0610;
				ORGANIZATIONNAME = "Josip Injic";
				TargetAttributes = {
					3C689ACB1AAA80B800B82314 = {
						CreatedOnToolsVersion = 6.1.1;
					};
					3C689AE01AAA80B900B82314 = {
						CreatedOnToolsVersion = 6.1.1;
						TestTargetID = 3C689ACB1AAA80B800B82314;
					};
				};
			};
			buildConfigurationList = 3C689AC71AAA80B800B82314 /* Build configuration list for PBXProject "Re-Lease" */;
			compatibilityVersion = "Xcode 3.2";
			developmentRegion = English;
			hasScannedForEncodings = 0;
			knownRegions = (
				en,
				Base,
			);
			mainGroup = 3C689AC31AAA80B800B82314;
			productRefGroup = 3C689ACD1AAA80B900B82314 /* Products */;
			projectDirPath = "";
			projectRoot = "";
			targets = (
				3C689ACB1AAA80B800B82314 /* Re-Lease */,
				3C689AE01AAA80B900B82314 /* Re-LeaseTests */,
			);
		};
/* End PBXProject section */

/* Begin PBXResourcesBuildPhase section */
		3C689ACA1AAA80B800B82314 /* Resources */ = {
			isa = PBXResourcesBuildPhase;
			buildActionMask = 2147483647;
			files = (
				029DBA701AAAA3F300F65019 /* MyPostsNoPostsView.xib in Resources */,
				3C689ADC1AAA80B900B82314 /* LaunchScreen.xib in Resources */,
				3C689AD91AAA80B900B82314 /* Images.xcassets in Resources */,
			);
			runOnlyForDeploymentPostprocessing = 0;
		};
		3C689ADF1AAA80B900B82314 /* Resources */ = {
			isa = PBXResourcesBuildPhase;
			buildActionMask = 2147483647;
			files = (
			);
			runOnlyForDeploymentPostprocessing = 0;
		};
/* End PBXResourcesBuildPhase section */

/* Begin PBXSourcesBuildPhase section */
		3C689AC81AAA80B800B82314 /* Sources */ = {
			isa = PBXSourcesBuildPhase;
			buildActionMask = 2147483647;
			files = (
				3C689AD41AAA80B900B82314 /* ViewController.swift in Sources */,
<<<<<<< HEAD
				3C689AF21AAAA73400B82314 /* NotificationsViewController.swift in Sources */,
=======
				029DBA741AAAB90A00F65019 /* Post.m in Sources */,
				3C689AF21AAAA73400B82314 /* notificationsViewController.swift in Sources */,
>>>>>>> master
				3C689AD21AAA80B900B82314 /* AppDelegate.swift in Sources */,
				029DBA6E1AAA9C8A00F65019 /* MyPostsTableViewController.swift in Sources */,
				029DBA6C1AAA9AC900F65019 /* CreatePostTableViewController.swift in Sources */,
			);
			runOnlyForDeploymentPostprocessing = 0;
		};
		3C689ADD1AAA80B900B82314 /* Sources */ = {
			isa = PBXSourcesBuildPhase;
			buildActionMask = 2147483647;
			files = (
				3C689AE81AAA80B900B82314 /* Re_LeaseTests.swift in Sources */,
			);
			runOnlyForDeploymentPostprocessing = 0;
		};
/* End PBXSourcesBuildPhase section */

/* Begin PBXTargetDependency section */
		3C689AE31AAA80B900B82314 /* PBXTargetDependency */ = {
			isa = PBXTargetDependency;
			target = 3C689ACB1AAA80B800B82314 /* Re-Lease */;
			targetProxy = 3C689AE21AAA80B900B82314 /* PBXContainerItemProxy */;
		};
/* End PBXTargetDependency section */

/* Begin PBXVariantGroup section */
		3C689ADA1AAA80B900B82314 /* LaunchScreen.xib */ = {
			isa = PBXVariantGroup;
			children = (
				3C689ADB1AAA80B900B82314 /* Base */,
			);
			name = LaunchScreen.xib;
			sourceTree = "<group>";
		};
/* End PBXVariantGroup section */

/* Begin XCBuildConfiguration section */
		3C689AE91AAA80B900B82314 /* Debug */ = {
			isa = XCBuildConfiguration;
			buildSettings = {
				ALWAYS_SEARCH_USER_PATHS = NO;
				CLANG_CXX_LANGUAGE_STANDARD = "gnu++0x";
				CLANG_CXX_LIBRARY = "libc++";
				CLANG_ENABLE_MODULES = YES;
				CLANG_ENABLE_OBJC_ARC = YES;
				CLANG_WARN_BOOL_CONVERSION = YES;
				CLANG_WARN_CONSTANT_CONVERSION = YES;
				CLANG_WARN_DIRECT_OBJC_ISA_USAGE = YES_ERROR;
				CLANG_WARN_EMPTY_BODY = YES;
				CLANG_WARN_ENUM_CONVERSION = YES;
				CLANG_WARN_INT_CONVERSION = YES;
				CLANG_WARN_OBJC_ROOT_CLASS = YES_ERROR;
				CLANG_WARN_UNREACHABLE_CODE = YES;
				CLANG_WARN__DUPLICATE_METHOD_MATCH = YES;
				"CODE_SIGN_IDENTITY[sdk=iphoneos*]" = "iPhone Developer";
				COPY_PHASE_STRIP = NO;
				ENABLE_STRICT_OBJC_MSGSEND = YES;
				GCC_C_LANGUAGE_STANDARD = gnu99;
				GCC_DYNAMIC_NO_PIC = NO;
				GCC_OPTIMIZATION_LEVEL = 0;
				GCC_PREPROCESSOR_DEFINITIONS = (
					"DEBUG=1",
					"$(inherited)",
				);
				GCC_SYMBOLS_PRIVATE_EXTERN = NO;
				GCC_WARN_64_TO_32_BIT_CONVERSION = YES;
				GCC_WARN_ABOUT_RETURN_TYPE = YES_ERROR;
				GCC_WARN_UNDECLARED_SELECTOR = YES;
				GCC_WARN_UNINITIALIZED_AUTOS = YES_AGGRESSIVE;
				GCC_WARN_UNUSED_FUNCTION = YES;
				GCC_WARN_UNUSED_VARIABLE = YES;
				IPHONEOS_DEPLOYMENT_TARGET = 8.1;
				MTL_ENABLE_DEBUG_INFO = YES;
				ONLY_ACTIVE_ARCH = YES;
				SDKROOT = iphoneos;
				SWIFT_OPTIMIZATION_LEVEL = "-Onone";
			};
			name = Debug;
		};
		3C689AEA1AAA80B900B82314 /* Release */ = {
			isa = XCBuildConfiguration;
			buildSettings = {
				ALWAYS_SEARCH_USER_PATHS = NO;
				CLANG_CXX_LANGUAGE_STANDARD = "gnu++0x";
				CLANG_CXX_LIBRARY = "libc++";
				CLANG_ENABLE_MODULES = YES;
				CLANG_ENABLE_OBJC_ARC = YES;
				CLANG_WARN_BOOL_CONVERSION = YES;
				CLANG_WARN_CONSTANT_CONVERSION = YES;
				CLANG_WARN_DIRECT_OBJC_ISA_USAGE = YES_ERROR;
				CLANG_WARN_EMPTY_BODY = YES;
				CLANG_WARN_ENUM_CONVERSION = YES;
				CLANG_WARN_INT_CONVERSION = YES;
				CLANG_WARN_OBJC_ROOT_CLASS = YES_ERROR;
				CLANG_WARN_UNREACHABLE_CODE = YES;
				CLANG_WARN__DUPLICATE_METHOD_MATCH = YES;
				"CODE_SIGN_IDENTITY[sdk=iphoneos*]" = "iPhone Developer";
				COPY_PHASE_STRIP = YES;
				ENABLE_NS_ASSERTIONS = NO;
				ENABLE_STRICT_OBJC_MSGSEND = YES;
				GCC_C_LANGUAGE_STANDARD = gnu99;
				GCC_WARN_64_TO_32_BIT_CONVERSION = YES;
				GCC_WARN_ABOUT_RETURN_TYPE = YES_ERROR;
				GCC_WARN_UNDECLARED_SELECTOR = YES;
				GCC_WARN_UNINITIALIZED_AUTOS = YES_AGGRESSIVE;
				GCC_WARN_UNUSED_FUNCTION = YES;
				GCC_WARN_UNUSED_VARIABLE = YES;
				IPHONEOS_DEPLOYMENT_TARGET = 8.1;
				MTL_ENABLE_DEBUG_INFO = NO;
				SDKROOT = iphoneos;
				VALIDATE_PRODUCT = YES;
			};
			name = Release;
		};
		3C689AEC1AAA80B900B82314 /* Debug */ = {
			isa = XCBuildConfiguration;
			buildSettings = {
				ASSETCATALOG_COMPILER_APPICON_NAME = AppIcon;
				FRAMEWORK_SEARCH_PATHS = (
					"$(inherited)",
					"Re-Lease",
					"$(PROJECT_DIR)/Re-Lease",
				);
				INFOPLIST_FILE = "Re-Lease/Info.plist";
				LD_RUNPATH_SEARCH_PATHS = "$(inherited) @executable_path/Frameworks";
				PRODUCT_NAME = "$(TARGET_NAME)";
				SWIFT_OBJC_BRIDGING_HEADER = "Re-Lease/Re-Lease-Bridging-Header.h";
			};
			name = Debug;
		};
		3C689AED1AAA80B900B82314 /* Release */ = {
			isa = XCBuildConfiguration;
			buildSettings = {
				ASSETCATALOG_COMPILER_APPICON_NAME = AppIcon;
				FRAMEWORK_SEARCH_PATHS = (
					"$(inherited)",
					"Re-Lease",
					"$(PROJECT_DIR)/Re-Lease",
				);
				INFOPLIST_FILE = "Re-Lease/Info.plist";
				LD_RUNPATH_SEARCH_PATHS = "$(inherited) @executable_path/Frameworks";
				PRODUCT_NAME = "$(TARGET_NAME)";
				SWIFT_OBJC_BRIDGING_HEADER = "Re-Lease/Re-Lease-Bridging-Header.h";
			};
			name = Release;
		};
		3C689AEF1AAA80B900B82314 /* Debug */ = {
			isa = XCBuildConfiguration;
			buildSettings = {
				BUNDLE_LOADER = "$(TEST_HOST)";
				FRAMEWORK_SEARCH_PATHS = (
					"$(SDKROOT)/Developer/Library/Frameworks",
					"$(inherited)",
				);
				GCC_PREPROCESSOR_DEFINITIONS = (
					"DEBUG=1",
					"$(inherited)",
				);
				INFOPLIST_FILE = "Re-LeaseTests/Info.plist";
				LD_RUNPATH_SEARCH_PATHS = "$(inherited) @executable_path/Frameworks @loader_path/Frameworks";
				PRODUCT_NAME = "$(TARGET_NAME)";
				TEST_HOST = "$(BUILT_PRODUCTS_DIR)/Re-Lease.app/Re-Lease";
			};
			name = Debug;
		};
		3C689AF01AAA80B900B82314 /* Release */ = {
			isa = XCBuildConfiguration;
			buildSettings = {
				BUNDLE_LOADER = "$(TEST_HOST)";
				FRAMEWORK_SEARCH_PATHS = (
					"$(SDKROOT)/Developer/Library/Frameworks",
					"$(inherited)",
				);
				INFOPLIST_FILE = "Re-LeaseTests/Info.plist";
				LD_RUNPATH_SEARCH_PATHS = "$(inherited) @executable_path/Frameworks @loader_path/Frameworks";
				PRODUCT_NAME = "$(TARGET_NAME)";
				TEST_HOST = "$(BUILT_PRODUCTS_DIR)/Re-Lease.app/Re-Lease";
			};
			name = Release;
		};
/* End XCBuildConfiguration section */

/* Begin XCConfigurationList section */
		3C689AC71AAA80B800B82314 /* Build configuration list for PBXProject "Re-Lease" */ = {
			isa = XCConfigurationList;
			buildConfigurations = (
				3C689AE91AAA80B900B82314 /* Debug */,
				3C689AEA1AAA80B900B82314 /* Release */,
			);
			defaultConfigurationIsVisible = 0;
			defaultConfigurationName = Release;
		};
		3C689AEB1AAA80B900B82314 /* Build configuration list for PBXNativeTarget "Re-Lease" */ = {
			isa = XCConfigurationList;
			buildConfigurations = (
				3C689AEC1AAA80B900B82314 /* Debug */,
				3C689AED1AAA80B900B82314 /* Release */,
			);
			defaultConfigurationIsVisible = 0;
			defaultConfigurationName = Release;
		};
		3C689AEE1AAA80B900B82314 /* Build configuration list for PBXNativeTarget "Re-LeaseTests" */ = {
			isa = XCConfigurationList;
			buildConfigurations = (
				3C689AEF1AAA80B900B82314 /* Debug */,
				3C689AF01AAA80B900B82314 /* Release */,
			);
			defaultConfigurationIsVisible = 0;
			defaultConfigurationName = Release;
		};
/* End XCConfigurationList section */
	};
	rootObject = 3C689AC41AAA80B800B82314 /* Project object */;
}
